
Microsoft Visual Studio Solution File, Format Version 12.00
# Visual Studio Version 17
VisualStudioVersion = 17.11.35303.130
MinimumVisualStudioVersion = 10.0.40219.1
Project("{9A19103F-16F7-4668-BE54-9A1E7A4F7556}") = "IdentityIntro", "IdentityIntro\IdentityIntro.csproj", "{99E757EE-DA43-455C-A78C-39229349ABE5}"
EndProject
Project("{FAE04EC0-301F-11D3-BF4B-00C04F79EFBC}") = "JwtIntro", "JwtIntro\JwtIntro.csproj", "{6A595F87-0D76-47D3-9F91-65692097FDFE}"
EndProject
Global
	GlobalSection(SolutionConfigurationPlatforms) = preSolution
		Debug|Any CPU = Debug|Any CPU
		Release|Any CPU = Release|Any CPU
	EndGlobalSection
	GlobalSection(ProjectConfigurationPlatforms) = postSolution
		{99E757EE-DA43-455C-A78C-39229349ABE5}.Debug|Any CPU.ActiveCfg = Debug|Any CPU
		{99E757EE-DA43-455C-A78C-39229349ABE5}.Debug|Any CPU.Build.0 = Debug|Any CPU
		{99E757EE-DA43-455C-A78C-39229349ABE5}.Release|Any CPU.ActiveCfg = Release|Any CPU
		{99E757EE-DA43-455C-A78C-39229349ABE5}.Release|Any CPU.Build.0 = Release|Any CPU
		{6A595F87-0D76-47D3-9F91-65692097FDFE}.Debug|Any CPU.ActiveCfg = Debug|Any CPU
		{6A595F87-0D76-47D3-9F91-65692097FDFE}.Debug|Any CPU.Build.0 = Debug|Any CPU
		{6A595F87-0D76-47D3-9F91-65692097FDFE}.Release|Any CPU.ActiveCfg = Release|Any CPU
		{6A595F87-0D76-47D3-9F91-65692097FDFE}.Release|Any CPU.Build.0 = Release|Any CPU
	EndGlobalSection
	GlobalSection(SolutionProperties) = preSolution
		HideSolutionNode = FALSE
	EndGlobalSection
	GlobalSection(ExtensibilityGlobals) = postSolution
		SolutionGuid = {604423C2-EA2C-4165-BEFE-C7BCCF2D3BF2}
	EndGlobalSection
EndGlobal
